{
  "version": "4",
  "specifiers": {
    "jsr:@core/asyncutil@^1.2.0": "1.2.0",
    "jsr:@miyauci/format@^1.1.0": "1.1.0",
    "jsr:@std/path@*": "1.0.8",
    "jsr:@std/path@^1.0.8": "1.0.8",
    "jsr:@std/regexp@0.221": "0.221.0"
  },
  "jsr": {
    "@core/asyncutil@1.2.0": {
      "integrity": "9967f15190c60df032c13f72ce5ac73d185c34f31c53dc918d8800025854c118"
    },
    "@miyauci/format@1.1.0": {
      "integrity": "28467f7b2f50c3bef19bdb73f3e0ee348e4171883c37fcf7bf2ae5277c45925a",
      "dependencies": [
        "jsr:@std/regexp"
      ]
    },
    "@std/path@1.0.8": {
      "integrity": "548fa456bb6a04d3c1a1e7477986b6cffbce95102d0bb447c67c4ee70e0364be"
    },
    "@std/regexp@0.221.0": {
      "integrity": "6ef49d56386414ed448252aeda15573087b69eb2c4b59dd7390506cc76ac7f6d"
    }
  },
  "remote": {
    "https://deno.land/x/async@v2.1.0/notify.ts": "8b4150ca1063586084825a34e997b845ccbe5014aed69327489e1fc89569ec0e",
    "https://deno.land/x/async@v2.1.0/semaphore.ts": "dd2ecbb3441bd59ada4494f327cb9caa143a8ad699df5f10054057404db8e733",
    "https://deno.land/x/escape_string_regexp@v0.0.1/mod.ts": "23a8025f4567d5bc0ab5dee2d976212bb66173bb1a80cb6aa72a5a6d7443ed7a",
    "https://deno.land/x/format@1.0.1/deps.ts": "b2902931ff2a5702a54408b2d2cf70ccb7b0a7d1eb8eb529250ab1c1841823cf",
    "https://deno.land/x/format@1.0.1/format.ts": "c286d668b01100740c15293ea3e6c1faeddbb08693a5b826c8bf5bc97706f696",
    "https://deno.land/x/format@1.0.1/mod.ts": "e549cef7e2710a09ae306183b6dc14f4e573b361c4c0743f0814b990ddc012c6"
  },
  "workspace": {
    "dependencies": [
      "jsr:@core/asyncutil@^1.2.0",
      "jsr:@miyauci/format@^1.1.0",
      "jsr:@std/path@^1.0.8"
    ]
  }
}
