{
  "version": "3",
  "packages": {
    "specifiers": {
      "jsr:@std/regexp@^0.221.0": "jsr:@std/regexp@0.221.0"
    },
    "jsr": {
      "@std/regexp@0.221.0": {
        "integrity": "6ef49d56386414ed448252aeda15573087b69eb2c4b59dd7390506cc76ac7f6d"
      }
    }
  },
  "redirects": {
    "https://deno.land/x/format/mod.ts": "https://deno.land/x/format@1.1.0/mod.ts"
  },
  "remote": {
    "https://deno.land/x/format@1.1.0/deps.ts": "f1c61dfe1c8c901ea0fe6391f00469150490f2abb90fad49b6f32d19fabe534f",
    "https://deno.land/x/format@1.1.0/format.ts": "87eb6d28f56308933b58a6766093cf29e9b57631756bd744884288e96161ccae",
    "https://deno.land/x/format@1.1.0/mod.ts": "e549cef7e2710a09ae306183b6dc14f4e573b361c4c0743f0814b990ddc012c6"
  }
}
