{
  "version": "3",
  "packages": {
    "specifiers": {
      "jsr:@std/path@^1.0.3": "jsr:@std/path@1.0.3"
    },
    "jsr": {
      "@std/path@1.0.3": {
        "integrity": "cd89d014ce7eb3742f2147b990f6753ee51d95276bfc211bc50c860c1bc7df6f"
      }
    }
  },
  "redirects": {
    "https://deno.land/x/format/mod.ts": "https://deno.land/x/format@1.0.1/mod.ts"
  },
  "remote": {
    "https://deno.land/x/async@v2.1.0/notify.ts": "8b4150ca1063586084825a34e997b845ccbe5014aed69327489e1fc89569ec0e",
    "https://deno.land/x/async@v2.1.0/semaphore.ts": "dd2ecbb3441bd59ada4494f327cb9caa143a8ad699df5f10054057404db8e733",
    "https://deno.land/x/escape_string_regexp@v0.0.1/mod.ts": "23a8025f4567d5bc0ab5dee2d976212bb66173bb1a80cb6aa72a5a6d7443ed7a",
    "https://deno.land/x/format@1.0.1/deps.ts": "b2902931ff2a5702a54408b2d2cf70ccb7b0a7d1eb8eb529250ab1c1841823cf",
    "https://deno.land/x/format@1.0.1/format.ts": "c286d668b01100740c15293ea3e6c1faeddbb08693a5b826c8bf5bc97706f696",
    "https://deno.land/x/format@1.0.1/mod.ts": "e549cef7e2710a09ae306183b6dc14f4e573b361c4c0743f0814b990ddc012c6"
  },
  "workspace": {
    "dependencies": [
      "jsr:@std/path@^1.0.3"
    ]
  }
}
